
Microsoft Visual Studio Solution File, Format Version 12.00
# Visual Studio Version 17
VisualStudioVersion = 17.5.002.0
MinimumVisualStudioVersion = 10.0.40219.1
Project("{9A19103F-16F7-4668-BE54-9A1E7A4F7556}") = "portal2-rpc", "portal2-rpc.csproj", "{778D3CFD-4264-4360-8C32-7BE21DA57BFF}"
EndProject
Global
	GlobalSection(SolutionConfigurationPlatforms) = preSolution
		Debug|Any CPU = Debug|Any CPU
		Release|Any CPU = Release|Any CPU
	EndGlobalSection
	GlobalSection(ProjectConfigurationPlatforms) = postSolution
		{778D3CFD-4264-4360-8C32-7BE21DA57BFF}.Debug|Any CPU.ActiveCfg = Debug|Any CPU
		{778D3CFD-4264-4360-8C32-7BE21DA57BFF}.Debug|Any CPU.Build.0 = Debug|Any CPU
		{778D3CFD-4264-4360-8C32-7BE21DA57BFF}.Release|Any CPU.ActiveCfg = Release|Any CPU
		{778D3CFD-4264-4360-8C32-7BE21DA57BFF}.Release|Any CPU.Build.0 = Release|Any CPU
	EndGlobalSection
	GlobalSection(SolutionProperties) = preSolution
		HideSolutionNode = FALSE
	EndGlobalSection
	GlobalSection(ExtensibilityGlobals) = postSolution
		SolutionGuid = {EB297E9B-B650-4363-83F2-B8D0296FEED1}
	EndGlobalSection
EndGlobal
